<?xml version="1.0" encoding="utf-8"?>
<Project ToolsVersion="4.0" xmlns:atg="http://atg.xbox.com" xmlns="http://schemas.microsoft.com/developer/msbuild/2003">
  <ItemGroup>
    <Filter Include="Resource Files">
      <UniqueIdentifier>{8e114980-c1a3-4ada-ad7c-83caadf5daeb}</UniqueIdentifier>
      <Extensions>rc;ico;cur;bmp;dlg;rc2;rct;bin;rgs;gif;jpg;jpeg;jpe</Extensions>
    </Filter>
    <Filter Include="Shaders">
      <UniqueIdentifier>{2c3d4c8c-5d1a-459a-a05a-a4e4b608a44e}</UniqueIdentifier>
      <Extensions>fx;fxh;hlsl</Extensions>
    </Filter>
    <Filter Include="Resource Files\Textures">
      <UniqueIdentifier>{84a4d56f-682d-4b12-a7c9-064cc08bce09}</UniqueIdentifier>
    </Filter>
    <Filter Include="SkeletalAnimation">
      <UniqueIdentifier>{9baaa1eb-813c-4946-8909-5bdd1838995d}</UniqueIdentifier>
    </Filter>
    <Filter Include="IMGUI">
      <UniqueIdentifier>{70106fcb-fccc-4262-9f9f-fe991b344b5f}</UniqueIdentifier>
    </Filter>
  </ItemGroup>
  <ItemGroup>
    <ClInclude Include="Application.h" />
    <ClInclude Include="GameObject.h" />
    <ClInclude Include="DDSTextureLoader.h" />
    <ClInclude Include="Camera.h" />
    <ClInclude Include="Vector.h" />
    <ClInclude Include="Quaternion.h" />
    <ClInclude Include="Transform.h" />
    <ClInclude Include="GeometryGenerator.h" />
    <ClInclude Include="Mesh.h" />
    <ClInclude Include="Commons.h" />
    <ClInclude Include="ObJLoader.h" />
    <ClInclude Include="PostProcess.h" />
    <ClInclude Include="ShadowMapping.h" />
    <ClInclude Include="Lights.h" />
    <ClInclude Include="SSAO.h" />
    <ClInclude Include="Terrain.h" />
    <ClInclude Include="Utilities.h" />
    <ClInclude Include="ProceduralLandscape.h" />
    <ClInclude Include="KeyFrame.h">
      <Filter>SkeletalAnimation</Filter>
    </ClInclude>
    <ClInclude Include="JointTransform.h">
      <Filter>SkeletalAnimation</Filter>
    </ClInclude>
    <ClInclude Include="Joint.h">
      <Filter>SkeletalAnimation</Filter>
    </ClInclude>
    <ClInclude Include="AnimatedModel.h">
      <Filter>SkeletalAnimation</Filter>
    </ClInclude>
    <ClInclude Include="Animation.h">
      <Filter>SkeletalAnimation</Filter>
    </ClInclude>
    <ClInclude Include="TinyXML2.h" />
    <ClInclude Include="ColladaLoader.h" />
    <ClInclude Include="AnimatedModelData.h">
      <Filter>SkeletalAnimation</Filter>
    </ClInclude>
    <ClInclude Include="include\imGUI\imconfig.h">
      <Filter>IMGUI</Filter>
    </ClInclude>
    <ClInclude Include="include\imGUI\imgui.h">
      <Filter>IMGUI</Filter>
    </ClInclude>
    <ClInclude Include="include\imGUI\imgui_impl_dx11.h">
      <Filter>IMGUI</Filter>
    </ClInclude>
    <ClInclude Include="include\imGUI\imgui_impl_win32.h">
      <Filter>IMGUI</Filter>
    </ClInclude>
    <ClInclude Include="include\imGUI\imgui_internal.h">
      <Filter>IMGUI</Filter>
    </ClInclude>
    <ClInclude Include="include\imGUI\imstb_rectpack.h">
      <Filter>IMGUI</Filter>
    </ClInclude>
    <ClInclude Include="include\imGUI\imstb_textedit.h">
      <Filter>IMGUI</Filter>
    </ClInclude>
    <ClInclude Include="include\imGUI\imstb_truetype.h">
      <Filter>IMGUI</Filter>
    </ClInclude>
  </ItemGroup>
  <ItemGroup>
    <ClCompile Include="Application.cpp" />
    <ClCompile Include="GameObject.cpp" />
    <ClCompile Include="DDSTextureLoader.cpp" />
    <ClCompile Include="Camera.cpp" />
    <ClCompile Include="Main.cpp" />
    <ClCompile Include="GeometryGenerator.cpp" />
    <ClCompile Include="Mesh.cpp" />
    <ClCompile Include="ObJLoader.cpp" />
    <ClCompile Include="PostProcess.cpp" />
    <ClCompile Include="ShadowMapping.cpp" />
    <ClCompile Include="SSAO.cpp" />
    <ClCompile Include="Terrain.cpp" />
    <ClCompile Include="Utilities.cpp" />
    <ClCompile Include="ProceduralLandscape.cpp" />
    <ClCompile Include="TinyXML2.cpp" />
    <ClCompile Include="ColladaLoader.cpp" />
    <ClCompile Include="include\imGUI\imgui.cpp">
      <Filter>IMGUI</Filter>
    </ClCompile>
    <ClCompile Include="include\imGUI\imgui_draw.cpp">
      <Filter>IMGUI</Filter>
    </ClCompile>
    <ClCompile Include="include\imGUI\imgui_impl_dx11.cpp">
      <Filter>IMGUI</Filter>
    </ClCompile>
    <ClCompile Include="include\imGUI\imgui_impl_win32.cpp">
      <Filter>IMGUI</Filter>
    </ClCompile>
    <ClCompile Include="include\imGUI\imgui_widgets.cpp">
      <Filter>IMGUI</Filter>
    </ClCompile>
    <ClCompile Include="include\imGUI\imgui_demo.cpp">
      <Filter>IMGUI</Filter>
    </ClCompile>
    <ClCompile Include="Joint.cpp">
      <Filter>SkeletalAnimation</Filter>
    </ClCompile>
    <ClCompile Include="AnimatedModel.cpp">
      <Filter>SkeletalAnimation</Filter>
    </ClCompile>
    <ClCompile Include="Animation.cpp">
      <Filter>SkeletalAnimation</Filter>
    </ClCompile>
  </ItemGroup>
  <ItemGroup>
    <CLInclude Include="resource.h">
      <Filter>Resource Files</Filter>
    </CLInclude>
  </ItemGroup>
  <ItemGroup>
    <ResourceCompile Include="DX11 Framework.rc">
      <Filter>Resource Files</Filter>
    </ResourceCompile>
  </ItemGroup>
  <ItemGroup>
    <FxCompile Include="DX11 Framework.fx">
      <Filter>Shaders</Filter>
    </FxCompile>
    <FxCompile Include="Tesselation.fx">
      <Filter>Shaders</Filter>
    </FxCompile>
    <FxCompile Include="PostProcess.fx">
      <Filter>Shaders</Filter>
    </FxCompile>
    <FxCompile Include="ShadowMap.fx">
      <Filter>Shaders</Filter>
    </FxCompile>
    <FxCompile Include="SSAO.fx">
      <Filter>Shaders</Filter>
    </FxCompile>
    <FxCompile Include="SSAONormalDepth.fx">
      <Filter>Shaders</Filter>
    </FxCompile>
    <FxCompile Include="G-Buffer.fx">
      <Filter>Shaders</Filter>
    </FxCompile>
    <FxCompile Include="SSAOBlur.fx">
      <Filter>Shaders</Filter>
    </FxCompile>
    <FxCompile Include="GeometryShader.hlsl">
      <Filter>Shaders</Filter>
    </FxCompile>
    <FxCompile Include="BasicVertexShader.hlsl">
      <Filter>Shaders</Filter>
    </FxCompile>
    <FxCompile Include="Terrain.fx">
      <Filter>Shaders</Filter>
    </FxCompile>
    <FxCompile Include="SkinnedMesh.fx">
      <Filter>Shaders</Filter>
    </FxCompile>
  </ItemGroup>
  <ItemGroup>
    <Image Include="Resources\Crate_SPEC.dds">
      <Filter>Resource Files\Textures</Filter>
    </Image>
    <Image Include="Resources\Earth_Diffuse.dds">
      <Filter>Resource Files\Textures</Filter>
    </Image>
    <Image Include="Resources\Earth_Normal.dds">
      <Filter>Resource Files\Textures</Filter>
    </Image>
    <Image Include="Resources\Floor_Diffuse.dds">
      <Filter>Resource Files\Textures</Filter>
    </Image>
    <Image Include="Resources\Floor_Height.dds">
      <Filter>Resource Files\Textures</Filter>
    </Image>
    <Image Include="Resources\Floor_Normal.dds">
      <Filter>Resource Files\Textures</Filter>
    </Image>
    <Image Include="Resources\Pebbles_albedo.dds">
      <Filter>Resource Files\Textures</Filter>
    </Image>
    <Image Include="Resources\Pebbles_Height.dds">
      <Filter>Resource Files\Textures</Filter>
    </Image>
    <Image Include="Resources\Pebbles_normal.dds">
      <Filter>Resource Files\Textures</Filter>
    </Image>
    <Image Include="Resources\SpaceMan_Diffuse.dds">
      <Filter>Resource Files\Textures</Filter>
    </Image>
    <Image Include="Resources\SpaceMan_Normal.dds">
      <Filter>Resource Files\Textures</Filter>
    </Image>
    <Image Include="Resources\Stone_Diffuse.dds">
      <Filter>Resource Files\Textures</Filter>
    </Image>
    <Image Include="Resources\Stone_Normal.dds">
      <Filter>Resource Files\Textures</Filter>
    </Image>
    <Image Include="Resources\Ball_Diffuse.dds">
      <Filter>Resource Files\Textures</Filter>
    </Image>
    <Image Include="Resources\Ball_Normals.dds">
      <Filter>Resource Files\Textures</Filter>
    </Image>
    <Image Include="Resources\conenormal.dds">
      <Filter>Resource Files\Textures</Filter>
    </Image>
    <Image Include="Resources\conenormalHeight.dds">
      <Filter>Resource Files\Textures</Filter>
    </Image>
    <Image Include="Resources\Crate_COLOR.dds">
      <Filter>Resource Files\Textures</Filter>
    </Image>
    <Image Include="Resources\Crate_DISP.dds">
      <Filter>Resource Files\Textures</Filter>
    </Image>
    <Image Include="Resources\Crate_HEIGHT.dds">
      <Filter>Resource Files\Textures</Filter>
    </Image>
    <Image Include="Resources\Crate_NRM.dds">
      <Filter>Resource Files\Textures</Filter>
    </Image>
    <Image Include="Resources\Crate_OCC.dds">
      <Filter>Resource Files\Textures</Filter>
    </Image>
  </ItemGroup>
  <ItemGroup>
    <None Include="ClassDiagram.cd" />
    <None Include="ClassDiagram1.cd" />
  </ItemGroup>
</Project>